
Microsoft Visual Studio Solution File, Format Version 12.00
# Visual Studio 15
VisualStudioVersion = 15.0.28307.271
MinimumVisualStudioVersion = 10.0.40219.1
Project("{FAE04EC0-301F-11D3-BF4B-00C04F79EFBC}") = "NetCoreApiApp", "NetCoreApiApp\NetCoreApiApp.csproj", "{27894C3F-B633-42C5-8107-34BBF17E404D}"
EndProject
Global
	GlobalSection(SolutionConfigurationPlatforms) = preSolution
		Debug|Any CPU = Debug|Any CPU
		Release|Any CPU = Release|Any CPU
	EndGlobalSection
	GlobalSection(ProjectConfigurationPlatforms) = postSolution
		{27894C3F-B633-42C5-8107-34BBF17E404D}.Debug|Any CPU.ActiveCfg = Debug|Any CPU
		{27894C3F-B633-42C5-8107-34BBF17E404D}.Debug|Any CPU.Build.0 = Debug|Any CPU
		{27894C3F-B633-42C5-8107-34BBF17E404D}.Release|Any CPU.ActiveCfg = Release|Any CPU
		{27894C3F-B633-42C5-8107-34BBF17E404D}.Release|Any CPU.Build.0 = Release|Any CPU
	EndGlobalSection
	GlobalSection(SolutionProperties) = preSolution
		HideSolutionNode = FALSE
	EndGlobalSection
	GlobalSection(ExtensibilityGlobals) = postSolution
		SolutionGuid = {0C4E0AC2-D1C2-4694-B1A1-774D27965CDB}
	EndGlobalSection
EndGlobal
